{
  "name": "crime-viz",
  "version": "1.0.0",
  "lockfileVersion": 2,
  "requires": true,
  "packages": {
    "": {
      "version": "1.0.0",
      "license": "MIT",
      "dependencies": {
        "pdf.js-extract": "^0.1.5"
      }
    },
    "node_modules/pdf.js-extract": {
      "version": "0.1.5",
      "resolved": "https://registry.npmjs.org/pdf.js-extract/-/pdf.js-extract-0.1.5.tgz",
      "integrity": "sha512-ZnudGaH5Q41FMeGKgOOCMO6Ybluxc87lB0shYYx0FliKHQLSs7YrXx6ZOu7oC+ZePyMQnTOtBK65dW0aawmB/Q==",
      "engines": {
        "node": ">=10.0.0"
      }
    }
  },
  "dependencies": {
    "pdf.js-extract": {
      "version": "0.1.5",
      "resolved": "https://registry.npmjs.org/pdf.js-extract/-/pdf.js-extract-0.1.5.tgz",
      "integrity": "sha512-ZnudGaH5Q41FMeGKgOOCMO6Ybluxc87lB0shYYx0FliKHQLSs7YrXx6ZOu7oC+ZePyMQnTOtBK65dW0aawmB/Q=="
    }
  }
}
